
Microsoft Visual Studio Solution File, Format Version 12.00
# Visual Studio 15
VisualStudioVersion = 15.0.28307.645
MinimumVisualStudioVersion = 10.0.40219.1
Project("{FAE04EC0-301F-11D3-BF4B-00C04F79EFBC}") = "SqlOverExcelUI", "SqlOverExcelUI.csproj", "{74723AA5-C3C5-4B74-8179-7B974CB3B605}"
EndProject
Project("{FAE04EC0-301F-11D3-BF4B-00C04F79EFBC}") = "Lib.MVVM", "..\Lib.MVVM\Lib.MVVM.csproj", "{100ED6AE-4C7C-46F4-A03D-0662DB106966}"
EndProject
Project("{FAE04EC0-301F-11D3-BF4B-00C04F79EFBC}") = "Lib.UI", "..\Lib.UI\Lib.UI.csproj", "{44C27894-D3D7-4AF5-AB5B-7163BB5E1B13}"
EndProject
Project("{FAE04EC0-301F-11D3-BF4B-00C04F79EFBC}") = "Lib.Strings", "..\Lib.Strings\Lib.Strings.csproj", "{AEC79C91-7BB6-4F43-A689-319A01CA8BBF}"
EndProject
Global
	GlobalSection(SolutionConfigurationPlatforms) = preSolution
		Debug|Any CPU = Debug|Any CPU
		Release|Any CPU = Release|Any CPU
	EndGlobalSection
	GlobalSection(ProjectConfigurationPlatforms) = postSolution
		{74723AA5-C3C5-4B74-8179-7B974CB3B605}.Debug|Any CPU.ActiveCfg = Debug|Any CPU
		{74723AA5-C3C5-4B74-8179-7B974CB3B605}.Debug|Any CPU.Build.0 = Debug|Any CPU
		{74723AA5-C3C5-4B74-8179-7B974CB3B605}.Release|Any CPU.ActiveCfg = Release|Any CPU
		{74723AA5-C3C5-4B74-8179-7B974CB3B605}.Release|Any CPU.Build.0 = Release|Any CPU
		{100ED6AE-4C7C-46F4-A03D-0662DB106966}.Debug|Any CPU.ActiveCfg = Debug|Any CPU
		{100ED6AE-4C7C-46F4-A03D-0662DB106966}.Debug|Any CPU.Build.0 = Debug|Any CPU
		{100ED6AE-4C7C-46F4-A03D-0662DB106966}.Release|Any CPU.ActiveCfg = Release|Any CPU
		{100ED6AE-4C7C-46F4-A03D-0662DB106966}.Release|Any CPU.Build.0 = Release|Any CPU
		{44C27894-D3D7-4AF5-AB5B-7163BB5E1B13}.Debug|Any CPU.ActiveCfg = Debug|Any CPU
		{44C27894-D3D7-4AF5-AB5B-7163BB5E1B13}.Debug|Any CPU.Build.0 = Debug|Any CPU
		{44C27894-D3D7-4AF5-AB5B-7163BB5E1B13}.Release|Any CPU.ActiveCfg = Release|Any CPU
		{44C27894-D3D7-4AF5-AB5B-7163BB5E1B13}.Release|Any CPU.Build.0 = Release|Any CPU
		{AEC79C91-7BB6-4F43-A689-319A01CA8BBF}.Debug|Any CPU.ActiveCfg = Debug|Any CPU
		{AEC79C91-7BB6-4F43-A689-319A01CA8BBF}.Debug|Any CPU.Build.0 = Debug|Any CPU
		{AEC79C91-7BB6-4F43-A689-319A01CA8BBF}.Release|Any CPU.ActiveCfg = Release|Any CPU
		{AEC79C91-7BB6-4F43-A689-319A01CA8BBF}.Release|Any CPU.Build.0 = Release|Any CPU
	EndGlobalSection
	GlobalSection(SolutionProperties) = preSolution
		HideSolutionNode = FALSE
	EndGlobalSection
	GlobalSection(ExtensibilityGlobals) = postSolution
		SolutionGuid = {CA5D2CF9-2822-4AFC-9837-D644158D127A}
	EndGlobalSection
EndGlobal
