
Microsoft Visual Studio Solution File, Format Version 12.00
# Visual Studio 15
VisualStudioVersion = 15.0.28307.106
MinimumVisualStudioVersion = 10.0.40219.1
Project("{FAE04EC0-301F-11D3-BF4B-00C04F79EFBC}") = "Tests.Lib.Strings", "Tests.Lib.Strings.csproj", "{638078C7-FB55-44F2-A204-D830265AEA0C}"
EndProject
Project("{FAE04EC0-301F-11D3-BF4B-00C04F79EFBC}") = "Lib.Strings", "..\Lib.Strings\Lib.Strings.csproj", "{AEC79C91-7BB6-4F43-A689-319A01CA8BBF}"
EndProject
Global
	GlobalSection(SolutionConfigurationPlatforms) = preSolution
		Debug|Any CPU = Debug|Any CPU
		Release|Any CPU = Release|Any CPU
	EndGlobalSection
	GlobalSection(ProjectConfigurationPlatforms) = postSolution
		{638078C7-FB55-44F2-A204-D830265AEA0C}.Debug|Any CPU.ActiveCfg = Debug|Any CPU
		{638078C7-FB55-44F2-A204-D830265AEA0C}.Debug|Any CPU.Build.0 = Debug|Any CPU
		{638078C7-FB55-44F2-A204-D830265AEA0C}.Release|Any CPU.ActiveCfg = Release|Any CPU
		{638078C7-FB55-44F2-A204-D830265AEA0C}.Release|Any CPU.Build.0 = Release|Any CPU
		{AEC79C91-7BB6-4F43-A689-319A01CA8BBF}.Debug|Any CPU.ActiveCfg = Debug|Any CPU
		{AEC79C91-7BB6-4F43-A689-319A01CA8BBF}.Debug|Any CPU.Build.0 = Debug|Any CPU
		{AEC79C91-7BB6-4F43-A689-319A01CA8BBF}.Release|Any CPU.ActiveCfg = Release|Any CPU
		{AEC79C91-7BB6-4F43-A689-319A01CA8BBF}.Release|Any CPU.Build.0 = Release|Any CPU
	EndGlobalSection
	GlobalSection(SolutionProperties) = preSolution
		HideSolutionNode = FALSE
	EndGlobalSection
	GlobalSection(ExtensibilityGlobals) = postSolution
		SolutionGuid = {EE2661B2-9D41-41A4-A3CB-CB8612D01B2E}
	EndGlobalSection
EndGlobal
